
Microsoft Visual Studio Solution File, Format Version 12.00
# Visual Studio Version 16
VisualStudioVersion = 16.0.31205.134
MinimumVisualStudioVersion = 10.0.40219.1
Project("{FAE04EC0-301F-11D3-BF4B-00C04F79EFBC}") = "SignUpDemo", "SignUpDemo\SignUpDemo.csproj", "{680BF9EA-1E0A-4180-B289-53DE84E4D7BB}"
EndProject
Global
	GlobalSection(SolutionConfigurationPlatforms) = preSolution
		Debug|Any CPU = Debug|Any CPU
		Release|Any CPU = Release|Any CPU
	EndGlobalSection
	GlobalSection(ProjectConfigurationPlatforms) = postSolution
		{680BF9EA-1E0A-4180-B289-53DE84E4D7BB}.Debug|Any CPU.ActiveCfg = Debug|Any CPU
		{680BF9EA-1E0A-4180-B289-53DE84E4D7BB}.Debug|Any CPU.Build.0 = Debug|Any CPU
		{680BF9EA-1E0A-4180-B289-53DE84E4D7BB}.Release|Any CPU.ActiveCfg = Release|Any CPU
		{680BF9EA-1E0A-4180-B289-53DE84E4D7BB}.Release|Any CPU.Build.0 = Release|Any CPU
	EndGlobalSection
	GlobalSection(SolutionProperties) = preSolution
		HideSolutionNode = FALSE
	EndGlobalSection
	GlobalSection(ExtensibilityGlobals) = postSolution
		SolutionGuid = {BDA6CEEA-3F36-4E55-ABAF-61DEFF70777D}
	EndGlobalSection
EndGlobal
